
Microsoft Visual Studio Solution File, Format Version 12.00
# Visual Studio Version 17
VisualStudioVersion = 17.8.34408.163
MinimumVisualStudioVersion = 10.0.40219.1
Project("{9A19103F-16F7-4668-BE54-9A1E7A4F7556}") = "TodoApi", "TodoApi\TodoApi.csproj", "{A2FA1858-ABF8-4D48-8479-515DAB6B2CB1}"
EndProject
Project("{9A19103F-16F7-4668-BE54-9A1E7A4F7556}") = "MvcTodoApp", "MvcTodoApp\MvcTodoApp.csproj", "{D57DED33-899F-4D23-8BA3-5709F00BB238}"
EndProject
Project("{9A19103F-16F7-4668-BE54-9A1E7A4F7556}") = "TodoModels", "TodoModels\TodoModels.csproj", "{8318F074-5384-47D5-AD3D-76CFAC1D7088}"
EndProject
Global
	GlobalSection(SolutionConfigurationPlatforms) = preSolution
		Debug|Any CPU = Debug|Any CPU
		Release|Any CPU = Release|Any CPU
	EndGlobalSection
	GlobalSection(ProjectConfigurationPlatforms) = postSolution
		{A2FA1858-ABF8-4D48-8479-515DAB6B2CB1}.Debug|Any CPU.ActiveCfg = Debug|Any CPU
		{A2FA1858-ABF8-4D48-8479-515DAB6B2CB1}.Debug|Any CPU.Build.0 = Debug|Any CPU
		{A2FA1858-ABF8-4D48-8479-515DAB6B2CB1}.Release|Any CPU.ActiveCfg = Release|Any CPU
		{A2FA1858-ABF8-4D48-8479-515DAB6B2CB1}.Release|Any CPU.Build.0 = Release|Any CPU
		{D57DED33-899F-4D23-8BA3-5709F00BB238}.Debug|Any CPU.ActiveCfg = Debug|Any CPU
		{D57DED33-899F-4D23-8BA3-5709F00BB238}.Debug|Any CPU.Build.0 = Debug|Any CPU
		{D57DED33-899F-4D23-8BA3-5709F00BB238}.Release|Any CPU.ActiveCfg = Release|Any CPU
		{D57DED33-899F-4D23-8BA3-5709F00BB238}.Release|Any CPU.Build.0 = Release|Any CPU
		{8318F074-5384-47D5-AD3D-76CFAC1D7088}.Debug|Any CPU.ActiveCfg = Debug|Any CPU
		{8318F074-5384-47D5-AD3D-76CFAC1D7088}.Debug|Any CPU.Build.0 = Debug|Any CPU
		{8318F074-5384-47D5-AD3D-76CFAC1D7088}.Release|Any CPU.ActiveCfg = Release|Any CPU
		{8318F074-5384-47D5-AD3D-76CFAC1D7088}.Release|Any CPU.Build.0 = Release|Any CPU
	EndGlobalSection
	GlobalSection(SolutionProperties) = preSolution
		HideSolutionNode = FALSE
	EndGlobalSection
	GlobalSection(ExtensibilityGlobals) = postSolution
		SolutionGuid = {EE0FC648-F9AE-4E3A-9741-45E162C4919C}
	EndGlobalSection
EndGlobal
